
Microsoft Visual Studio Solution File, Format Version 12.00
# Visual Studio Version 17
VisualStudioVersion = 17.10.34928.147
MinimumVisualStudioVersion = 10.0.40219.1
Project("{9A19103F-16F7-4668-BE54-9A1E7A4F7556}") = "IPInfoApp.API", "IPInfoApp.API\IPInfoApp.API.csproj", "{D1EB94F9-BE97-49B2-B873-808E24F27AC2}"
EndProject
Project("{9A19103F-16F7-4668-BE54-9A1E7A4F7556}") = "IPInfoApp.Data", "IPInfoApp.Data\IPInfoApp.Data.csproj", "{DEA65DBA-D5B7-4014-A188-77746B6564B2}"
EndProject
Project("{9A19103F-16F7-4668-BE54-9A1E7A4F7556}") = "IPInfoApp.Business", "IPInfoApp.Business\IPInfoApp.Business.csproj", "{9FA93E60-B6BF-46F8-BE3C-E47933952A7B}"
	ProjectSection(ProjectDependencies) = postProject
		{DEA65DBA-D5B7-4014-A188-77746B6564B2} = {DEA65DBA-D5B7-4014-A188-77746B6564B2}
	EndProjectSection
EndProject
Global
	GlobalSection(SolutionConfigurationPlatforms) = preSolution
		Debug|Any CPU = Debug|Any CPU
		Release|Any CPU = Release|Any CPU
	EndGlobalSection
	GlobalSection(ProjectConfigurationPlatforms) = postSolution
		{D1EB94F9-BE97-49B2-B873-808E24F27AC2}.Debug|Any CPU.ActiveCfg = Debug|Any CPU
		{D1EB94F9-BE97-49B2-B873-808E24F27AC2}.Debug|Any CPU.Build.0 = Debug|Any CPU
		{D1EB94F9-BE97-49B2-B873-808E24F27AC2}.Release|Any CPU.ActiveCfg = Release|Any CPU
		{D1EB94F9-BE97-49B2-B873-808E24F27AC2}.Release|Any CPU.Build.0 = Release|Any CPU
		{DEA65DBA-D5B7-4014-A188-77746B6564B2}.Debug|Any CPU.ActiveCfg = Debug|Any CPU
		{DEA65DBA-D5B7-4014-A188-77746B6564B2}.Debug|Any CPU.Build.0 = Debug|Any CPU
		{DEA65DBA-D5B7-4014-A188-77746B6564B2}.Release|Any CPU.ActiveCfg = Release|Any CPU
		{DEA65DBA-D5B7-4014-A188-77746B6564B2}.Release|Any CPU.Build.0 = Release|Any CPU
		{9FA93E60-B6BF-46F8-BE3C-E47933952A7B}.Debug|Any CPU.ActiveCfg = Debug|Any CPU
		{9FA93E60-B6BF-46F8-BE3C-E47933952A7B}.Debug|Any CPU.Build.0 = Debug|Any CPU
		{9FA93E60-B6BF-46F8-BE3C-E47933952A7B}.Release|Any CPU.ActiveCfg = Release|Any CPU
		{9FA93E60-B6BF-46F8-BE3C-E47933952A7B}.Release|Any CPU.Build.0 = Release|Any CPU
	EndGlobalSection
	GlobalSection(SolutionProperties) = preSolution
		HideSolutionNode = FALSE
	EndGlobalSection
	GlobalSection(ExtensibilityGlobals) = postSolution
		SolutionGuid = {F979BDCA-AB44-45AC-ADAD-7363C1DEFE46}
	EndGlobalSection
EndGlobal
